
Microsoft Visual Studio Solution File, Format Version 12.00
# Visual Studio Version 17
VisualStudioVersion = 17.4.33122.133
MinimumVisualStudioVersion = 10.0.40219.1
Project("{FAE04EC0-301F-11D3-BF4B-00C04F79EFBC}") = "LeetCode", "LeetCode.csproj", "{BA52B903-E9CF-4494-A8DF-852D104EC368}"
EndProject
Global
	GlobalSection(SolutionConfigurationPlatforms) = preSolution
		Debug|Any CPU = Debug|Any CPU
		Release|Any CPU = Release|Any CPU
	EndGlobalSection
	GlobalSection(ProjectConfigurationPlatforms) = postSolution
		{BA52B903-E9CF-4494-A8DF-852D104EC368}.Debug|Any CPU.ActiveCfg = Debug|Any CPU
		{BA52B903-E9CF-4494-A8DF-852D104EC368}.Debug|Any CPU.Build.0 = Debug|Any CPU
		{BA52B903-E9CF-4494-A8DF-852D104EC368}.Release|Any CPU.ActiveCfg = Release|Any CPU
		{BA52B903-E9CF-4494-A8DF-852D104EC368}.Release|Any CPU.Build.0 = Release|Any CPU
	EndGlobalSection
	GlobalSection(SolutionProperties) = preSolution
		HideSolutionNode = FALSE
	EndGlobalSection
	GlobalSection(ExtensibilityGlobals) = postSolution
		SolutionGuid = {BFA581C6-C08F-458A-9D77-524A926CDDF4}
	EndGlobalSection
EndGlobal
